
Microsoft Visual Studio Solution File, Format Version 12.00
# Visual Studio 2012
Project("{FAE04EC0-301F-11D3-BF4B-00C04F79EFBC}") = "Carofour", "Carofour\Carofour.csproj", "{B6CBEF1D-37D1-48BD-8468-81012F952807}"
EndProject
Project("{FAE04EC0-301F-11D3-BF4B-00C04F79EFBC}") = "Carofour.Tests", "Carofour.Tests\Carofour.Tests.csproj", "{C15E348F-E929-4C4D-AAA9-100B9EC8B021}"
EndProject
Global
	GlobalSection(SolutionConfigurationPlatforms) = preSolution
		Debug|Any CPU = Debug|Any CPU
		Release|Any CPU = Release|Any CPU
	EndGlobalSection
	GlobalSection(ProjectConfigurationPlatforms) = postSolution
		{B6CBEF1D-37D1-48BD-8468-81012F952807}.Debug|Any CPU.ActiveCfg = Debug|Any CPU
		{B6CBEF1D-37D1-48BD-8468-81012F952807}.Debug|Any CPU.Build.0 = Debug|Any CPU
		{B6CBEF1D-37D1-48BD-8468-81012F952807}.Release|Any CPU.ActiveCfg = Release|Any CPU
		{B6CBEF1D-37D1-48BD-8468-81012F952807}.Release|Any CPU.Build.0 = Release|Any CPU
		{C15E348F-E929-4C4D-AAA9-100B9EC8B021}.Debug|Any CPU.ActiveCfg = Debug|Any CPU
		{C15E348F-E929-4C4D-AAA9-100B9EC8B021}.Debug|Any CPU.Build.0 = Debug|Any CPU
		{C15E348F-E929-4C4D-AAA9-100B9EC8B021}.Release|Any CPU.ActiveCfg = Release|Any CPU
		{C15E348F-E929-4C4D-AAA9-100B9EC8B021}.Release|Any CPU.Build.0 = Release|Any CPU
	EndGlobalSection
	GlobalSection(SolutionProperties) = preSolution
		HideSolutionNode = FALSE
	EndGlobalSection
EndGlobal
